
Microsoft Visual Studio Solution File, Format Version 12.00
# Visual Studio Version 16
VisualStudioVersion = 16.0.30503.244
MinimumVisualStudioVersion = 10.0.40219.1
Project("{9A19103F-16F7-4668-BE54-9A1E7A4F7556}") = "HotelManagementSystem", "HotelManagementSystem\HotelManagementSystem.csproj", "{AE59F000-9F9B-41F9-98B1-B3CCD31B28D1}"
EndProject
Project("{FAE04EC0-301F-11D3-BF4B-00C04F79EFBC}") = "NUnitTestProject", "NUnitTestProject\NUnitTestProject.csproj", "{F33092AC-2B7E-4F3E-84D5-98DA37782422}"
EndProject
Global
	GlobalSection(SolutionConfigurationPlatforms) = preSolution
		Debug|Any CPU = Debug|Any CPU
		Release|Any CPU = Release|Any CPU
	EndGlobalSection
	GlobalSection(ProjectConfigurationPlatforms) = postSolution
		{AE59F000-9F9B-41F9-98B1-B3CCD31B28D1}.Debug|Any CPU.ActiveCfg = Debug|Any CPU
		{AE59F000-9F9B-41F9-98B1-B3CCD31B28D1}.Debug|Any CPU.Build.0 = Debug|Any CPU
		{AE59F000-9F9B-41F9-98B1-B3CCD31B28D1}.Release|Any CPU.ActiveCfg = Release|Any CPU
		{AE59F000-9F9B-41F9-98B1-B3CCD31B28D1}.Release|Any CPU.Build.0 = Release|Any CPU
		{F33092AC-2B7E-4F3E-84D5-98DA37782422}.Debug|Any CPU.ActiveCfg = Debug|Any CPU
		{F33092AC-2B7E-4F3E-84D5-98DA37782422}.Debug|Any CPU.Build.0 = Debug|Any CPU
		{F33092AC-2B7E-4F3E-84D5-98DA37782422}.Release|Any CPU.ActiveCfg = Release|Any CPU
		{F33092AC-2B7E-4F3E-84D5-98DA37782422}.Release|Any CPU.Build.0 = Release|Any CPU
	EndGlobalSection
	GlobalSection(SolutionProperties) = preSolution
		HideSolutionNode = FALSE
	EndGlobalSection
	GlobalSection(ExtensibilityGlobals) = postSolution
		SolutionGuid = {9E259931-D1E2-485F-A87E-40C91508E5F6}
	EndGlobalSection
EndGlobal
